
Microsoft Visual Studio Solution File, Format Version 12.00
# Visual Studio Version 17
VisualStudioVersion = 17.13.35828.75 d17.13
MinimumVisualStudioVersion = 10.0.40219.1
Project("{FAE04EC0-301F-11D3-BF4B-00C04F79EFBC}") = "HangfireJobApp", "HangfireJobApp.csproj", "{3732ABF7-10FC-F887-2F70-B0C68A3F1B31}"
EndProject
Global
	GlobalSection(SolutionConfigurationPlatforms) = preSolution
		Debug|Any CPU = Debug|Any CPU
		Release|Any CPU = Release|Any CPU
	EndGlobalSection
	GlobalSection(ProjectConfigurationPlatforms) = postSolution
		{3732ABF7-10FC-F887-2F70-B0C68A3F1B31}.Debug|Any CPU.ActiveCfg = Debug|Any CPU
		{3732ABF7-10FC-F887-2F70-B0C68A3F1B31}.Debug|Any CPU.Build.0 = Debug|Any CPU
		{3732ABF7-10FC-F887-2F70-B0C68A3F1B31}.Release|Any CPU.ActiveCfg = Release|Any CPU
		{3732ABF7-10FC-F887-2F70-B0C68A3F1B31}.Release|Any CPU.Build.0 = Release|Any CPU
	EndGlobalSection
	GlobalSection(SolutionProperties) = preSolution
		HideSolutionNode = FALSE
	EndGlobalSection
	GlobalSection(ExtensibilityGlobals) = postSolution
		SolutionGuid = {825BDA3C-4E55-474A-82AF-872E66C51C69}
	EndGlobalSection
EndGlobal
